# THIS IS AN AUTOGENERATED FILE. DO NOT EDIT THIS FILE DIRECTLY.
# yarn lockfile v1


"@types/node@*":
  version "14.6.0"
  resolved "https://registry.yarnpkg.com/@types/node/-/node-14.6.0.tgz#7d4411bf5157339337d7cff864d9ff45f177b499"
  integrity sha512-mikldZQitV94akrc4sCcSjtJfsTKt4p+e/s0AGscVA6XArQ9kFclP+ZiYUMnq987rc6QlYxXv/EivqlfSLxpKA==

after@0.8.2:
  version "0.8.2"
  resolved "https://registry.yarnpkg.com/after/-/after-0.8.2.tgz#fedb394f9f0e02aa9768e702bda23b505fae7e1f"
  integrity sha1-/ts5T58OAqqXaOcCvaI7UF+ufh8=

ansicolors@~0.3.2:
  version "0.3.2"
  resolved "https://registry.yarnpkg.com/ansicolors/-/ansicolors-0.3.2.tgz#665597de86a9ffe3aa9bfbe6cae5c6ea426b4979"
  integrity sha1-ZlWX3oap/+Oqm/vmyuXG6kJrSXk=

any-promise@^1.3.0:
  version "1.3.0"
  resolved "https://registry.yarnpkg.com/any-promise/-/any-promise-1.3.0.tgz#abc6afeedcea52e809cdc0376aed3ce39635d17f"
  integrity sha1-q8av7tzqUugJzcA3au0845Y10X8=

arraybuffer.slice@~0.0.7:
  version "0.0.7"
  resolved "https://registry.yarnpkg.com/arraybuffer.slice/-/arraybuffer.slice-0.0.7.tgz#3bbc4275dd584cc1b10809b89d4e8b63a69e7675"
  integrity sha512-wGUIVQXuehL5TCqQun8OW81jGzAWycqzFF8lFp+GOM5BXLYj3bKNsYC4daB7n6XjCqxQA/qgTJ+8ANR3acjrog==

async-limiter@~1.0.0:
  version "1.0.1"
  resolved "https://registry.yarnpkg.com/async-limiter/-/async-limiter-1.0.1.tgz#dd379e94f0db8310b08291f9d64c3209766617fd"
  integrity sha512-csOlWGAcRFJaI6m+F2WKdnMKr4HhdhFVBk0H/QbJFMCr+uO2kwohwXQPxw/9OCxp05r5ghVBFSyioixx3gfkNQ==

axios@^0.19.2:
  version "0.19.2"
  resolved "https://registry.yarnpkg.com/axios/-/axios-0.19.2.tgz#3ea36c5d8818d0d5f8a8a97a6d36b86cdc00cb27"
  integrity sha512-fjgm5MvRHLhx+osE2xoekY70AhARk3a6hkN+3Io1jc00jtquGvxYlKlsFUhmUET0V5te6CcZI7lcv2Ym61mjHA==
  dependencies:
    follow-redirects "1.5.10"

backo2@1.0.2:
  version "1.0.2"
  resolved "https://registry.yarnpkg.com/backo2/-/backo2-1.0.2.tgz#31ab1ac8b129363463e35b3ebb69f4dfcfba7947"
  integrity sha1-MasayLEpNjRj41s+u2n038+6eUc=

base64-arraybuffer@0.1.5:
  version "0.1.5"
  resolved "https://registry.yarnpkg.com/base64-arraybuffer/-/base64-arraybuffer-0.1.5.tgz#73926771923b5a19747ad666aa5cd4bf9c6e9ce8"
  integrity sha1-c5JncZI7Whl0etZmqlzUv5xunOg=

better-assert@~1.0.0:
  version "1.0.2"
  resolved "https://registry.yarnpkg.com/better-assert/-/better-assert-1.0.2.tgz#40866b9e1b9e0b55b481894311e68faffaebc522"
  integrity sha1-QIZrnhueC1W0gYlDEeaPr/rrxSI=
  dependencies:
    callsite "1.0.0"

bindings@^1.5.0:
  version "1.5.0"
  resolved "https://registry.yarnpkg.com/bindings/-/bindings-1.5.0.tgz#10353c9e945334bc0511a6d90b38fbc7c9c504df"
  integrity sha512-p2q/t/mhvuOj/UeLlV6566GD/guowlr0hHxClI0W9m7MWYkL1F0hLo+0Aexs9HSPCtR1SXQ0TD3MMKrXZajbiQ==
  dependencies:
    file-uri-to-path "1.0.0"

blob@0.0.5:
  version "0.0.5"
  resolved "https://registry.yarnpkg.com/blob/-/blob-0.0.5.tgz#d680eeef25f8cd91ad533f5b01eed48e64caf683"
  integrity sha512-gaqbzQPqOoamawKg0LGVd7SzLgXS+JH61oWprSLH+P+abTczqJbhTR8CmJ2u9/bUYNmHTGJx/UEmn6doAvvuig==

"bluebird@>= 2.3.2 < 3":
  version "2.11.0"
  resolved "https://registry.yarnpkg.com/bluebird/-/bluebird-2.11.0.tgz#534b9033c022c9579c56ba3b3e5a5caafbb650e1"
  integrity sha1-U0uQM8AiyVecVro7Plpcqvu2UOE=

"bluebird@>= 3.0.1", bluebird@^3.7.2:
  version "3.7.2"
  resolved "https://registry.yarnpkg.com/bluebird/-/bluebird-3.7.2.tgz#9f229c15be272454ffa973ace0dbee79a1b0c36f"
  integrity sha512-XpNj6GDQzdfW+r2Wnn7xiSAd7TM3jzkxGXBGTtWKuSXv1xUV+azxAm8jdWZN06QTQk+2N2XB9jRDkvbmQmcRtg==

callsite@1.0.0:
  version "1.0.0"
  resolved "https://registry.yarnpkg.com/callsite/-/callsite-1.0.0.tgz#280398e5d664bd74038b6f0905153e6e8af1bc20"
  integrity sha1-KAOY5dZkvXQDi28JBRU+borxvCA=

cardinal@^2.1.1:
  version "2.1.1"
  resolved "https://registry.yarnpkg.com/cardinal/-/cardinal-2.1.1.tgz#7cc1055d822d212954d07b085dea251cc7bc5505"
  integrity sha1-fMEFXYItISlU0HsIXeolHMe8VQU=
  dependencies:
    ansicolors "~0.3.2"
    redeyed "~2.1.0"

component-bind@1.0.0:
  version "1.0.0"
  resolved "https://registry.yarnpkg.com/component-bind/-/component-bind-1.0.0.tgz#00c608ab7dcd93897c0009651b1d3a8e1e73bbd1"
  integrity sha1-AMYIq33Nk4l8AAllGx06jh5zu9E=

component-emitter@1.2.1:
  version "1.2.1"
  resolved "https://registry.yarnpkg.com/component-emitter/-/component-emitter-1.2.1.tgz#137918d6d78283f7df7a6b7c5a63e140e69425e6"
  integrity sha1-E3kY1teCg/ffemt8WmPhQOaUJeY=

component-emitter@~1.3.0:
  version "1.3.0"
  resolved "https://registry.yarnpkg.com/component-emitter/-/component-emitter-1.3.0.tgz#16e4070fba8ae29b679f2215853ee181ab2eabc0"
  integrity sha512-Rd3se6QB+sO1TwqZjscQrurpEPIfO0/yYnSin6Q/rD3mOutHvUrCAhJub3r90uNb+SESBuE0QYoB90YdfatsRg==

component-inherit@0.0.3:
  version "0.0.3"
  resolved "https://registry.yarnpkg.com/component-inherit/-/component-inherit-0.0.3.tgz#645fc4adf58b72b649d5cae65135619db26ff143"
  integrity sha1-ZF/ErfWLcrZJ1crmUTVhnbJv8UM=

debug@=3.1.0, debug@~3.1.0:
  version "3.1.0"
  resolved "https://registry.yarnpkg.com/debug/-/debug-3.1.0.tgz#5bb5a0672628b64149566ba16819e61518c67261"
  integrity sha512-OX8XqP7/1a9cqkxYw2yXss15f26NKWBpDXQd0/uK/KPqdQhxbPa994hnzjcE2VqQpDslf55723cKPUOGSmMY3g==
  dependencies:
    ms "2.0.0"

debug@^4.1.1, debug@~4.1.0:
  version "4.1.1"
  resolved "https://registry.yarnpkg.com/debug/-/debug-4.1.1.tgz#3b72260255109c6b589cee050f1d516139664791"
  integrity sha512-pYAIzeRo8J6KPEaJ0VWOh5Pzkbw/RetuzehGM7QRRX5he4fPHx2rdKMB256ehJCkX+XRQm16eZLqLNS8RSZXZw==
  dependencies:
    ms "^2.1.1"

denque@^1.4.1:
  version "1.4.1"
  resolved "https://registry.yarnpkg.com/denque/-/denque-1.4.1.tgz#6744ff7641c148c3f8a69c307e51235c1f4a37cf"
  integrity sha512-OfzPuSZKGcgr96rf1oODnfjqBFmr1DVoc/TrItj3Ohe0Ah1C5WX5Baquw/9U9KovnQ88EqmJbD66rKYUQYN1tQ==

dotenv@^8.2.0:
  version "8.2.0"
  resolved "https://registry.yarnpkg.com/dotenv/-/dotenv-8.2.0.tgz#97e619259ada750eea3e4ea3e26bceea5424b16a"
  integrity sha512-8sJ78ElpbDJBHNeBzUbUVLsqKdccaa/BXF1uPTw3GrvQTBgrQrtObr2mUrE38vzYd8cEv+m/JBfDLioYcfXoaw==

dottie@^2.0.0:
  version "2.0.2"
  resolved "https://registry.yarnpkg.com/dottie/-/dottie-2.0.2.tgz#cc91c0726ce3a054ebf11c55fbc92a7f266dd154"
  integrity sha512-fmrwR04lsniq/uSr8yikThDTrM7epXHBAAjH9TbeH3rEA8tdCO7mRzB9hdmdGyJCxF8KERo9CITcm3kGuoyMhg==

engine.io-client@~3.4.0:
  version "3.4.3"
  resolved "https://registry.yarnpkg.com/engine.io-client/-/engine.io-client-3.4.3.tgz#192d09865403e3097e3575ebfeb3861c4d01a66c"
  integrity sha512-0NGY+9hioejTEJCaSJZfWZLk4FPI9dN+1H1C4+wj2iuFba47UgZbJzfWs4aNFajnX/qAaYKbe2lLTfEEWzCmcw==
  dependencies:
    component-emitter "~1.3.0"
    component-inherit "0.0.3"
    debug "~4.1.0"
    engine.io-parser "~2.2.0"
    has-cors "1.1.0"
    indexof "0.0.1"
    parseqs "0.0.5"
    parseuri "0.0.5"
    ws "~6.1.0"
    xmlhttprequest-ssl "~1.5.4"
    yeast "0.1.2"

engine.io-parser@~2.2.0:
  version "2.2.0"
  resolved "https://registry.yarnpkg.com/engine.io-parser/-/engine.io-parser-2.2.0.tgz#312c4894f57d52a02b420868da7b5c1c84af80ed"
  integrity sha512-6I3qD9iUxotsC5HEMuuGsKA0cXerGz+4uGcXQEkfBidgKf0amsjrrtwcbwK/nzpZBxclXlV7gGl9dgWvu4LF6w==
  dependencies:
    after "0.8.2"
    arraybuffer.slice "~0.0.7"
    base64-arraybuffer "0.1.5"
    blob "0.0.5"
    has-binary2 "~1.0.2"

esprima@~4.0.0:
  version "4.0.1"
  resolved "https://registry.yarnpkg.com/esprima/-/esprima-4.0.1.tgz#13b04cdb3e6c5d19df91ab6987a8695619b0aa71"
  integrity sha512-eGuFFw7Upda+g4p+QHvnW0RyTX/SVeJBDM/gCtMARO0cLuT2HcEKnTPvhjV6aGeqrCB/sbNop0Kszm0jsaWU4A==

file-uri-to-path@1.0.0:
  version "1.0.0"
  resolved "https://registry.yarnpkg.com/file-uri-to-path/-/file-uri-to-path-1.0.0.tgz#553a7b8446ff6f684359c445f1e37a05dacc33dd"
  integrity sha512-0Zt+s3L7Vf1biwWZ29aARiVYLx7iMGnEUl9x33fbB/j3jR81u/O2LbqK+Bm1CDSNDKVtJ/YjwY7TUd5SkeLQLw==

follow-redirects@1.5.10:
  version "1.5.10"
  resolved "https://registry.yarnpkg.com/follow-redirects/-/follow-redirects-1.5.10.tgz#7b7a9f9aea2fdff36786a94ff643ed07f4ff5e2a"
  integrity sha512-0V5l4Cizzvqt5D44aTXbFZz+FtyXV1vrDN6qrelxtfYQKW0KO0W2T/hkE8xvGa/540LkZlkaUjO4ailYTFtHVQ==
  dependencies:
    debug "=3.1.0"

generate-function@^2.3.1:
  version "2.3.1"
  resolved "https://registry.yarnpkg.com/generate-function/-/generate-function-2.3.1.tgz#f069617690c10c868e73b8465746764f97c3479f"
  integrity sha512-eeB5GfMNeevm/GRYq20ShmsaGcmI81kIX2K9XQx5miC8KdHaC6Jm0qQ8ZNeGOi7wYB8OsdxKs+Y2oVuTFuVwKQ==
  dependencies:
    is-property "^1.0.2"

has-binary2@~1.0.2:
  version "1.0.3"
  resolved "https://registry.yarnpkg.com/has-binary2/-/has-binary2-1.0.3.tgz#7776ac627f3ea77250cfc332dab7ddf5e4f5d11d"
  integrity sha512-G1LWKhDSvhGeAQ8mPVQlqNcOB2sJdwATtZKl2pDKKHfpf/rYj24lkinxf69blJbnsvtqqNU+L3SL50vzZhXOnw==
  dependencies:
    isarray "2.0.1"

has-cors@1.1.0:
  version "1.1.0"
  resolved "https://registry.yarnpkg.com/has-cors/-/has-cors-1.1.0.tgz#5e474793f7ea9843d1bb99c23eef49ff126fff39"
  integrity sha1-XkdHk/fqmEPRu5nCPu9J/xJv/zk=

hoek@5.x.x:
  version "5.0.4"
  resolved "https://registry.yarnpkg.com/hoek/-/hoek-5.0.4.tgz#0f7fa270a1cafeb364a4b2ddfaa33f864e4157da"
  integrity sha512-Alr4ZQgoMlnere5FZJsIyfIjORBqZll5POhDsF4q64dPuJR6rNxXdDxtHSQq8OXRurhmx+PWYEE8bXRROY8h0w==

hoek@6.x.x:
  version "6.1.3"
  resolved "https://registry.yarnpkg.com/hoek/-/hoek-6.1.3.tgz#73b7d33952e01fe27a38b0457294b79dd8da242c"
  integrity sha512-YXXAAhmF9zpQbC7LEcREFtXfGq5K1fmd+4PHkBq8NUqmzW3G+Dq10bI/i0KucLRwss3YYFQ0fSfoxBZYiGUqtQ==

hoek@^4.2.1:
  version "4.2.1"
  resolved "https://registry.yarnpkg.com/hoek/-/hoek-4.2.1.tgz#9634502aa12c445dd5a7c5734b572bb8738aacbb"
  integrity sha512-QLg82fGkfnJ/4iy1xZ81/9SIJiq1NGFUMGs6ParyjBZr6jW2Ufj/snDqTHixNlHdPNwN2RLVD0Pi3igeK9+JfA==

iconv-lite@^0.5.0:
  version "0.5.2"
  resolved "https://registry.yarnpkg.com/iconv-lite/-/iconv-lite-0.5.2.tgz#af6d628dccfb463b7364d97f715e4b74b8c8c2b8"
  integrity sha512-kERHXvpSaB4aU3eANwidg79K8FlrN77m8G9V+0vOR3HYaRifrlwMEpT7ZBJqLSEIHnEgJTHcWK82wwLwwKwtag==
  dependencies:
    safer-buffer ">= 2.1.2 < 3"

indexof@0.0.1:
  version "0.0.1"
  resolved "https://registry.yarnpkg.com/indexof/-/indexof-0.0.1.tgz#82dc336d232b9062179d05ab3293a66059fd435d"
  integrity sha1-gtwzbSMrkGIXnQWrMpOmYFn9Q10=

inflection@1.12.0:
  version "1.12.0"
  resolved "https://registry.yarnpkg.com/inflection/-/inflection-1.12.0.tgz#a200935656d6f5f6bc4dc7502e1aecb703228416"
  integrity sha1-ogCTVlbW9fa8TcdQLhrstwMihBY=

is-property@^1.0.2:
  version "1.0.2"
  resolved "https://registry.yarnpkg.com/is-property/-/is-property-1.0.2.tgz#57fe1c4e48474edd65b09911f26b1cd4095dda84"
  integrity sha1-V/4cTkhHTt1lsJkR8msc1Ald2oQ=

isarray@2.0.1:
  version "2.0.1"
  resolved "https://registry.yarnpkg.com/isarray/-/isarray-2.0.1.tgz#a37d94ed9cda2d59865c9f76fe596ee1f338741e"
  integrity sha1-o32U7ZzaLVmGXJ92/llu4fM4dB4=

isemail@3.x.x:
  version "3.2.0"
  resolved "https://registry.yarnpkg.com/isemail/-/isemail-3.2.0.tgz#59310a021931a9fb06bbb51e155ce0b3f236832c"
  integrity sha512-zKqkK+O+dGqevc93KNsbZ/TqTUFd46MwWjYOoMrjIMZ51eU7DtQG3Wmd9SQQT7i7RVnuTPEiYEWHU3MSbxC1Tg==
  dependencies:
    punycode "2.x.x"

joi@^13.1.2:
  version "13.7.0"
  resolved "https://registry.yarnpkg.com/joi/-/joi-13.7.0.tgz#cfd85ebfe67e8a1900432400b4d03bbd93fb879f"
  integrity sha512-xuY5VkHfeOYK3Hdi91ulocfuFopwgbSORmIwzcwHKESQhC7w1kD5jaVSPnqDxS2I8t3RZ9omCKAxNwXN5zG1/Q==
  dependencies:
    hoek "5.x.x"
    isemail "3.x.x"
    topo "3.x.x"

lodash@^4.17.15:
  version "4.17.20"
  resolved "https://registry.yarnpkg.com/lodash/-/lodash-4.17.20.tgz#b44a9b6297bcb698f1c51a3545a2b3b368d59c52"
  integrity sha512-PlhdFcillOINfeV7Ni6oF1TAEayyZBoZ8bcshTHqOYJYlrqzRK5hagpagky5o4HfCzzd1TRkXPMFq6cKk9rGmA==

long@^4.0.0:
  version "4.0.0"
  resolved "https://registry.yarnpkg.com/long/-/long-4.0.0.tgz#9a7b71cfb7d361a194ea555241c92f7468d5bf28"
  integrity sha512-XsP+KhQif4bjX1kbuSiySJFNAehNxgLb6hPRGJ9QsUr8ajHkuXGdrHmFUTUUXhDwVX2R5bY4JNZEwbUiMhV+MA==

lru-cache@^4.1.3:
  version "4.1.5"
  resolved "https://registry.yarnpkg.com/lru-cache/-/lru-cache-4.1.5.tgz#8bbe50ea85bed59bc9e33dcab8235ee9bcf443cd"
  integrity sha512-sWZlbEP2OsHNkXrMl5GYk/jKk70MBng6UU4YI/qGDYbgf6YbP4EvmqISbXCoJiRKs+1bSpFHVgQxvJ17F2li5g==
  dependencies:
    pseudomap "^1.0.2"
    yallist "^2.1.2"

lru-cache@^5.1.1:
  version "5.1.1"
  resolved "https://registry.yarnpkg.com/lru-cache/-/lru-cache-5.1.1.tgz#1da27e6710271947695daf6848e847f01d84b920"
  integrity sha512-KpNARQA3Iwv+jTA0utUVVbrh+Jlrr1Fv0e56GGzAFOXN7dk/FviaDW8LHmK52DlcH4WP2n6gI8vN1aesBFgo9w==
  dependencies:
    yallist "^3.0.2"

moment-timezone@^0.5.31:
  version "0.5.31"
  resolved "https://registry.yarnpkg.com/moment-timezone/-/moment-timezone-0.5.31.tgz#9c40d8c5026f0c7ab46eda3d63e49c155148de05"
  integrity sha512-+GgHNg8xRhMXfEbv81iDtrVeTcWt0kWmTEY1XQK14dICTXnWJnT0dxdlPspwqF3keKMVPXwayEsk1DI0AA/jdA==
  dependencies:
    moment ">= 2.9.0"

"moment@>= 2.9.0", moment@^2.26.0:
  version "2.27.0"
  resolved "https://registry.yarnpkg.com/moment/-/moment-2.27.0.tgz#8bff4e3e26a236220dfe3e36de756b6ebaa0105d"
  integrity sha512-al0MUK7cpIcglMv3YF13qSgdAIqxHTO7brRtaz3DlSULbqfazqkc5kEjNrLDOM7fsjshoFIihnU8snrP7zUvhQ==

ms@2.0.0:
  version "2.0.0"
  resolved "https://registry.yarnpkg.com/ms/-/ms-2.0.0.tgz#5608aeadfc00be6c2901df5f9861788de0d597c8"
  integrity sha1-VgiurfwAvmwpAd9fmGF4jeDVl8g=

ms@^2.1.1:
  version "2.1.2"
  resolved "https://registry.yarnpkg.com/ms/-/ms-2.1.2.tgz#d09d1f357b443f493382a8eb3ccd183872ae6009"
  integrity sha512-sGkPx+VjMtmA6MX27oA4FBFELFCZZ4S4XqeGOXCv68tT+jb3vk/RyaKWP0PTKyWtmLSM0b+adUTEvbs1PEaH2w==

mysql2@^2.1.0:
  version "2.1.0"
  resolved "https://registry.yarnpkg.com/mysql2/-/mysql2-2.1.0.tgz#55ecfd4353114c148cc4c253192dbbfd000e6642"
  integrity sha512-9kGVyi930rG2KaHrz3sHwtc6K+GY9d8wWk1XRSYxQiunvGcn4DwuZxOwmK11ftuhhwrYDwGx9Ta4VBwznJn36A==
  dependencies:
    cardinal "^2.1.1"
    denque "^1.4.1"
    generate-function "^2.3.1"
    iconv-lite "^0.5.0"
    long "^4.0.0"
    lru-cache "^5.1.1"
    named-placeholders "^1.1.2"
    seq-queue "^0.0.5"
    sqlstring "^2.3.1"

named-placeholders@^1.1.2:
  version "1.1.2"
  resolved "https://registry.yarnpkg.com/named-placeholders/-/named-placeholders-1.1.2.tgz#ceb1fbff50b6b33492b5cf214ccf5e39cef3d0e8"
  integrity sha512-wiFWqxoLL3PGVReSZpjLVxyJ1bRqe+KKJVbr4hGs1KWfTZTQyezHFBbuKj9hsizHyGV2ne7EMjHdxEGAybD5SA==
  dependencies:
    lru-cache "^4.1.3"

nan@^2.13.2:
  version "2.14.1"
  resolved "https://registry.yarnpkg.com/nan/-/nan-2.14.1.tgz#d7be34dfa3105b91494c3147089315eff8874b01"
  integrity sha512-isWHgVjnFjh2x2yuJ/tj3JbwoHu3UC2dX5G/88Cm24yB6YopVgxvBObDY7n5xW6ExmFhJpSEQqFPvq9zaXc8Jw==

node-cron@^2.0.3:
  version "2.0.3"
  resolved "https://registry.yarnpkg.com/node-cron/-/node-cron-2.0.3.tgz#b9649784d0d6c00758410eef22fa54a10e3f602d"
  integrity sha512-eJI+QitXlwcgiZwNNSRbqsjeZMp5shyajMR81RZCqeW0ZDEj4zU9tpd4nTh/1JsBiKbF8d08FCewiipDmVIYjg==
  dependencies:
    opencollective-postinstall "^2.0.0"
    tz-offset "0.0.1"

node-expat@^2.3.18:
  version "2.3.18"
  resolved "https://registry.yarnpkg.com/node-expat/-/node-expat-2.3.18.tgz#d9e6949cecda15e131f14259b73dc7b9ed7bc560"
  integrity sha512-9dIrDxXePa9HSn+hhlAg1wXkvqOjxefEbMclGxk2cEnq/Y3U7Qo5HNNqeo3fQ4bVmLhcdt3YN1TZy7WMZy4MHw==
  dependencies:
    bindings "^1.5.0"
    nan "^2.13.2"

numeral@^2.0.6:
  version "2.0.6"
  resolved "https://registry.yarnpkg.com/numeral/-/numeral-2.0.6.tgz#4ad080936d443c2561aed9f2197efffe25f4e506"
  integrity sha1-StCAk21EPCVhrtnyGX7//iX05QY=

object-component@0.0.3:
  version "0.0.3"
  resolved "https://registry.yarnpkg.com/object-component/-/object-component-0.0.3.tgz#f0c69aa50efc95b866c186f400a33769cb2f1291"
  integrity sha1-8MaapQ78lbhmwYb0AKM3acsvEpE=

opencollective-postinstall@^2.0.0:
  version "2.0.3"
  resolved "https://registry.yarnpkg.com/opencollective-postinstall/-/opencollective-postinstall-2.0.3.tgz#7a0fff978f6dbfa4d006238fbac98ed4198c3259"
  integrity sha512-8AV/sCtuzUeTo8gQK5qDZzARrulB3egtLzFgteqB2tcT4Mw7B8Kt7JcDHmltjz6FOAHsvTevk70gZEbhM4ZS9Q==

parseqs@0.0.5:
  version "0.0.5"
  resolved "https://registry.yarnpkg.com/parseqs/-/parseqs-0.0.5.tgz#d5208a3738e46766e291ba2ea173684921a8b89d"
  integrity sha1-1SCKNzjkZ2bikbouoXNoSSGouJ0=
  dependencies:
    better-assert "~1.0.0"

parseuri@0.0.5:
  version "0.0.5"
  resolved "https://registry.yarnpkg.com/parseuri/-/parseuri-0.0.5.tgz#80204a50d4dbb779bfdc6ebe2778d90e4bce320a"
  integrity sha1-gCBKUNTbt3m/3G6+J3jZDkvOMgo=
  dependencies:
    better-assert "~1.0.0"

pseudomap@^1.0.2:
  version "1.0.2"
  resolved "https://registry.yarnpkg.com/pseudomap/-/pseudomap-1.0.2.tgz#f052a28da70e618917ef0a8ac34c1ae5a68286b3"
  integrity sha1-8FKijacOYYkX7wqKw0wa5aaChrM=

punycode@2.x.x:
  version "2.1.1"
  resolved "https://registry.yarnpkg.com/punycode/-/punycode-2.1.1.tgz#b58b010ac40c22c5657616c8d2c2c02c7bf479ec"
  integrity sha512-XRsRjdf+j5ml+y/6GKHPZbrF/8p2Yga0JPtdqTIY2Xe5ohJPD9saDJJLPvp9+NSBprVvevdXZybnj2cv8OEd0A==

querystring@^0.2.0:
  version "0.2.0"
  resolved "https://registry.yarnpkg.com/querystring/-/querystring-0.2.0.tgz#b209849203bb25df820da756e747005878521620"
  integrity sha1-sgmEkgO7Jd+CDadW50cAWHhSFiA=

reconnecting-websocket@^4.4.0:
  version "4.4.0"
  resolved "https://registry.yarnpkg.com/reconnecting-websocket/-/reconnecting-websocket-4.4.0.tgz#3b0e5b96ef119e78a03135865b8bb0af1b948783"
  integrity sha512-D2E33ceRPga0NvTDhJmphEgJ7FUYF0v4lr1ki0csq06OdlxKfugGzN0dSkxM/NfqCxYELK4KcaTOUOjTV6Dcng==

redeyed@~2.1.0:
  version "2.1.1"
  resolved "https://registry.yarnpkg.com/redeyed/-/redeyed-2.1.1.tgz#8984b5815d99cb220469c99eeeffe38913e6cc0b"
  integrity sha1-iYS1gV2ZyyIEacme7v/jiRPmzAs=
  dependencies:
    esprima "~4.0.0"

redis-commands@^1.5.0:
  version "1.5.0"
  resolved "https://registry.yarnpkg.com/redis-commands/-/redis-commands-1.5.0.tgz#80d2e20698fe688f227127ff9e5164a7dd17e785"
  integrity sha512-6KxamqpZ468MeQC3bkWmCB1fp56XL64D4Kf0zJSwDZbVLLm7KFkoIcHrgRvQ+sk8dnhySs7+yBg94yIkAK7aJg==

redis-errors@^1.0.0, redis-errors@^1.2.0:
  version "1.2.0"
  resolved "https://registry.yarnpkg.com/redis-errors/-/redis-errors-1.2.0.tgz#eb62d2adb15e4eaf4610c04afe1529384250abad"
  integrity sha1-62LSrbFeTq9GEMBK/hUpOEJQq60=

redis-parser@^3.0.0:
  version "3.0.0"
  resolved "https://registry.yarnpkg.com/redis-parser/-/redis-parser-3.0.0.tgz#b66d828cdcafe6b4b8a428a7def4c6bcac31c8b4"
  integrity sha1-tm2CjNyv5rS4pCin3vTGvKwxyLQ=
  dependencies:
    redis-errors "^1.0.0"

redis@^3.0.2:
  version "3.0.2"
  resolved "https://registry.yarnpkg.com/redis/-/redis-3.0.2.tgz#bd47067b8a4a3e6a2e556e57f71cc82c7360150a"
  integrity sha512-PNhLCrjU6vKVuMOyFu7oSP296mwBkcE6lrAjruBYG5LgdSqtRBoVQIylrMyVZD/lkF24RSNNatzvYag6HRBHjQ==
  dependencies:
    denque "^1.4.1"
    redis-commands "^1.5.0"
    redis-errors "^1.2.0"
    redis-parser "^3.0.0"

rethinkdb@^2.4.2:
  version "2.4.2"
  resolved "https://registry.yarnpkg.com/rethinkdb/-/rethinkdb-2.4.2.tgz#9c5d8dde3300ddacfdfae0fc8ded3754602d447a"
  integrity sha512-6DzwqEpFc8cqesAdo07a845oBRxLiHvWzopTKBo/uY2ypGWIsJQFJk3wjRDtSEhczxJqLS0jnf37rwgzYAw8NQ==
  dependencies:
    bluebird ">= 2.3.2 < 3"

rethinkdbdash@^2.3.31:
  version "2.3.31"
  resolved "https://registry.yarnpkg.com/rethinkdbdash/-/rethinkdbdash-2.3.31.tgz#fe2f73d1fa6e6f5d96d8e881292013cf6dca914d"
  integrity sha512-6nXrKFjdg2Ug0YpdmPWSvyD/2EisHnFNt4FWZ74dcXGK48ievSv+cNFTmVv+KjLi6I9CCf6w4CKZ6yCYTfMfdQ==
  dependencies:
    bluebird ">= 3.0.1"

retry-as-promised@^3.2.0:
  version "3.2.0"
  resolved "https://registry.yarnpkg.com/retry-as-promised/-/retry-as-promised-3.2.0.tgz#769f63d536bec4783549db0777cb56dadd9d8543"
  integrity sha512-CybGs60B7oYU/qSQ6kuaFmRd9sTZ6oXSc0toqePvV74Ac6/IFZSI1ReFQmtCN+uvW1Mtqdwpvt/LGOiCBAY2Mg==
  dependencies:
    any-promise "^1.3.0"

"safer-buffer@>= 2.1.2 < 3":
  version "2.1.2"
  resolved "https://registry.yarnpkg.com/safer-buffer/-/safer-buffer-2.1.2.tgz#44fa161b0187b9549dd84bb91802f9bd8385cd6a"
  integrity sha512-YZo3K82SD7Riyi0E1EQPojLz7kpepnSQI9IyPbHHg1XXXevb5dJI7tpyN2ADxGcQbHG7vcyRHk0cbwqcQriUtg==

semver@^7.3.2:
  version "7.3.2"
  resolved "https://registry.yarnpkg.com/semver/-/semver-7.3.2.tgz#604962b052b81ed0786aae84389ffba70ffd3938"
  integrity sha512-OrOb32TeeambH6UrhtShmF7CRDqhL6/5XpPNp2DuRH6+9QLw/orhp72j87v8Qa1ScDkvrrBNpZcDejAirJmfXQ==

seq-queue@^0.0.5:
  version "0.0.5"
  resolved "https://registry.yarnpkg.com/seq-queue/-/seq-queue-0.0.5.tgz#d56812e1c017a6e4e7c3e3a37a1da6d78dd3c93e"
  integrity sha1-1WgS4cAXpuTnw+Ojeh2m143TyT4=

sequelize-pool@^6.0.0:
  version "6.1.0"
  resolved "https://registry.yarnpkg.com/sequelize-pool/-/sequelize-pool-6.1.0.tgz#caaa0c1e324d3c2c3a399fed2c7998970925d668"
  integrity sha512-4YwEw3ZgK/tY/so+GfnSgXkdwIJJ1I32uZJztIEgZeAO6HMgj64OzySbWLgxj+tXhZCJnzRfkY9gINw8Ft8ZMg==

sequelize@^6.3.4:
  version "6.3.4"
  resolved "https://registry.yarnpkg.com/sequelize/-/sequelize-6.3.4.tgz#dd6f4801ba5e4d7a6f845a5ad3e616f24453694f"
  integrity sha512-W6Y96N5QHTgEz5Q37v2GYbKufSXaw0b3v4rCLTPbcCMfIG0MHI42Ozp7IwiyV9bdNkfFEdY7XP8R6lWrWg4hUw==
  dependencies:
    debug "^4.1.1"
    dottie "^2.0.0"
    inflection "1.12.0"
    lodash "^4.17.15"
    moment "^2.26.0"
    moment-timezone "^0.5.31"
    retry-as-promised "^3.2.0"
    semver "^7.3.2"
    sequelize-pool "^6.0.0"
    toposort-class "^1.0.1"
    uuid "^8.1.0"
    validator "^10.11.0"
    wkx "^0.5.0"

socket.io-client@^2.3.0:
  version "2.3.0"
  resolved "https://registry.yarnpkg.com/socket.io-client/-/socket.io-client-2.3.0.tgz#14d5ba2e00b9bcd145ae443ab96b3f86cbcc1bb4"
  integrity sha512-cEQQf24gET3rfhxZ2jJ5xzAOo/xhZwK+mOqtGRg5IowZsMgwvHwnf/mCRapAAkadhM26y+iydgwsXGObBB5ZdA==
  dependencies:
    backo2 "1.0.2"
    base64-arraybuffer "0.1.5"
    component-bind "1.0.0"
    component-emitter "1.2.1"
    debug "~4.1.0"
    engine.io-client "~3.4.0"
    has-binary2 "~1.0.2"
    has-cors "1.1.0"
    indexof "0.0.1"
    object-component "0.0.3"
    parseqs "0.0.5"
    parseuri "0.0.5"
    socket.io-parser "~3.3.0"
    to-array "0.1.4"

socket.io-parser@~3.3.0:
  version "3.3.0"
  resolved "https://registry.yarnpkg.com/socket.io-parser/-/socket.io-parser-3.3.0.tgz#2b52a96a509fdf31440ba40fed6094c7d4f1262f"
  integrity sha512-hczmV6bDgdaEbVqhAeVMM/jfUfzuEZHsQg6eOmLgJht6G3mPKMxYm75w2+qhAQZ+4X+1+ATZ+QFKeOZD5riHng==
  dependencies:
    component-emitter "1.2.1"
    debug "~3.1.0"
    isarray "2.0.1"

sqlstring@^2.3.1:
  version "2.3.2"
  resolved "https://registry.yarnpkg.com/sqlstring/-/sqlstring-2.3.2.tgz#cdae7169389a1375b18e885f2e60b3e460809514"
  integrity sha512-vF4ZbYdKS8OnoJAWBmMxCQDkiEBkGQYU7UZPtL8flbDRSNkhaXvRJ279ZtI6M+zDaQovVU4tuRgzK5fVhvFAhg==

to-array@0.1.4:
  version "0.1.4"
  resolved "https://registry.yarnpkg.com/to-array/-/to-array-0.1.4.tgz#17e6c11f73dd4f3d74cda7a4ff3238e9ad9bf890"
  integrity sha1-F+bBH3PdTz10zaek/zI46a2b+JA=

topo@3.x.x:
  version "3.0.3"
  resolved "https://registry.yarnpkg.com/topo/-/topo-3.0.3.tgz#d5a67fb2e69307ebeeb08402ec2a2a6f5f7ad95c"
  integrity sha512-IgpPtvD4kjrJ7CRA3ov2FhWQADwv+Tdqbsf1ZnPUSAtCJ9e1Z44MmoSGDXGk4IppoZA7jd/QRkNddlLJWlUZsQ==
  dependencies:
    hoek "6.x.x"

toposort-class@^1.0.1:
  version "1.0.1"
  resolved "https://registry.yarnpkg.com/toposort-class/-/toposort-class-1.0.1.tgz#7ffd1f78c8be28c3ba45cd4e1a3f5ee193bd9988"
  integrity sha1-f/0feMi+KMO6Rc1OGj9e4ZO9mYg=

tz-offset@0.0.1:
  version "0.0.1"
  resolved "https://registry.yarnpkg.com/tz-offset/-/tz-offset-0.0.1.tgz#fef920257024d3583ed9072a767721a18bdb8a76"
  integrity sha512-kMBmblijHJXyOpKzgDhKx9INYU4u4E1RPMB0HqmKSgWG8vEcf3exEfLh4FFfzd3xdQOw9EuIy/cP0akY6rHopQ==

uuid@^8.1.0:
  version "8.3.0"
  resolved "https://registry.yarnpkg.com/uuid/-/uuid-8.3.0.tgz#ab738085ca22dc9a8c92725e459b1d507df5d6ea"
  integrity sha512-fX6Z5o4m6XsXBdli9g7DtWgAx+osMsRRZFKma1mIUsLCz6vRvv+pz5VNbyu9UEDzpMWulZfvpgb/cmDXVulYFQ==

validator@^10.11.0:
  version "10.11.0"
  resolved "https://registry.yarnpkg.com/validator/-/validator-10.11.0.tgz#003108ea6e9a9874d31ccc9e5006856ccd76b228"
  integrity sha512-X/p3UZerAIsbBfN/IwahhYaBbY68EN/UQBWHtsbXGT5bfrH/p4NQzUCG1kF/rtKaNpnJ7jAu6NGTdSNtyNIXMw==

wkx@^0.5.0:
  version "0.5.0"
  resolved "https://registry.yarnpkg.com/wkx/-/wkx-0.5.0.tgz#c6c37019acf40e517cc6b94657a25a3d4aa33e8c"
  integrity sha512-Xng/d4Ichh8uN4l0FToV/258EjMGU9MGcA0HV2d9B/ZpZB3lqQm7nkOdZdm5GhKtLLhAE7PiVQwN4eN+2YJJUg==
  dependencies:
    "@types/node" "*"

ws@^7.3.1:
  version "7.3.1"
  resolved "https://registry.yarnpkg.com/ws/-/ws-7.3.1.tgz#d0547bf67f7ce4f12a72dfe31262c68d7dc551c8"
  integrity sha512-D3RuNkynyHmEJIpD2qrgVkc9DQ23OrN/moAwZX4L8DfvszsJxpjQuUq3LMx6HoYji9fbIOBY18XWBsAux1ZZUA==

ws@~6.1.0:
  version "6.1.4"
  resolved "https://registry.yarnpkg.com/ws/-/ws-6.1.4.tgz#5b5c8800afab925e94ccb29d153c8d02c1776ef9"
  integrity sha512-eqZfL+NE/YQc1/ZynhojeV8q+H050oR8AZ2uIev7RU10svA9ZnJUddHcOUZTJLinZ9yEfdA2kSATS2qZK5fhJA==
  dependencies:
    async-limiter "~1.0.0"

xml2json@^0.12.0:
  version "0.12.0"
  resolved "https://registry.yarnpkg.com/xml2json/-/xml2json-0.12.0.tgz#b2ae450b267033b76d896f86e022fa7bff678572"
  integrity sha512-EPJHRWJnJUYbJlzR4pBhZODwWdi2IaYGtDdteJi0JpZ4OD31IplWALuit8r73dJuM4iHZdDVKY1tLqY2UICejg==
  dependencies:
    hoek "^4.2.1"
    joi "^13.1.2"
    node-expat "^2.3.18"

xmlhttprequest-ssl@~1.5.4:
  version "1.5.5"
  resolved "https://registry.yarnpkg.com/xmlhttprequest-ssl/-/xmlhttprequest-ssl-1.5.5.tgz#c2876b06168aadc40e57d97e81191ac8f4398b3e"
  integrity sha1-wodrBhaKrcQOV9l+gRkayPQ5iz4=

yallist@^2.1.2:
  version "2.1.2"
  resolved "https://registry.yarnpkg.com/yallist/-/yallist-2.1.2.tgz#1c11f9218f076089a47dd512f93c6699a6a81d52"
  integrity sha1-HBH5IY8HYImkfdUS+TxmmaaoHVI=

yallist@^3.0.2:
  version "3.1.1"
  resolved "https://registry.yarnpkg.com/yallist/-/yallist-3.1.1.tgz#dbb7daf9bfd8bac9ab45ebf602b8cbad0d5d08fd"
  integrity sha512-a4UGQaWPH59mOXUYnAG2ewncQS4i4F43Tv3JoAM+s2VDAmS9NsK8GpDMLrCHPksFT7h3K6TOoUNn2pb7RoXx4g==

yeast@0.1.2:
  version "0.1.2"
  resolved "https://registry.yarnpkg.com/yeast/-/yeast-0.1.2.tgz#008e06d8094320c372dbc2f8ed76a0ca6c8ac419"
  integrity sha1-AI4G2AlDIMNy28L47XagymyKxBk=
